
Microsoft Visual Studio Solution File, Format Version 12.00
# Visual Studio Version 16
VisualStudioVersion = 16.0.30517.126
MinimumVisualStudioVersion = 10.0.40219.1
Project("{FAE04EC0-301F-11D3-BF4B-00C04F79EFBC}") = "circleRadius", "circleRadius\circleRadius.csproj", "{32F24590-8C1F-47EA-AB63-0C14A2827836}"
EndProject
Global
	GlobalSection(SolutionConfigurationPlatforms) = preSolution
		Debug|Any CPU = Debug|Any CPU
		Release|Any CPU = Release|Any CPU
	EndGlobalSection
	GlobalSection(ProjectConfigurationPlatforms) = postSolution
		{32F24590-8C1F-47EA-AB63-0C14A2827836}.Debug|Any CPU.ActiveCfg = Debug|Any CPU
		{32F24590-8C1F-47EA-AB63-0C14A2827836}.Debug|Any CPU.Build.0 = Debug|Any CPU
		{32F24590-8C1F-47EA-AB63-0C14A2827836}.Release|Any CPU.ActiveCfg = Release|Any CPU
		{32F24590-8C1F-47EA-AB63-0C14A2827836}.Release|Any CPU.Build.0 = Release|Any CPU
	EndGlobalSection
	GlobalSection(SolutionProperties) = preSolution
		HideSolutionNode = FALSE
	EndGlobalSection
	GlobalSection(ExtensibilityGlobals) = postSolution
		SolutionGuid = {8322D8E2-DA05-4B15-86FD-7A6083AB3F2C}
	EndGlobalSection
EndGlobal
