
Microsoft Visual Studio Solution File, Format Version 12.00
# Visual Studio Version 16
VisualStudioVersion = 16.0.30517.126
MinimumVisualStudioVersion = 10.0.40219.1
Project("{FAE04EC0-301F-11D3-BF4B-00C04F79EFBC}") = "2.5.2Exercise", "2.5.2Exercise\2.5.2Exercise.csproj", "{1C9C623A-8F0A-4E30-B872-A3E10B42AB67}"
EndProject
Global
	GlobalSection(SolutionConfigurationPlatforms) = preSolution
		Debug|Any CPU = Debug|Any CPU
		Release|Any CPU = Release|Any CPU
	EndGlobalSection
	GlobalSection(ProjectConfigurationPlatforms) = postSolution
		{1C9C623A-8F0A-4E30-B872-A3E10B42AB67}.Debug|Any CPU.ActiveCfg = Debug|Any CPU
		{1C9C623A-8F0A-4E30-B872-A3E10B42AB67}.Debug|Any CPU.Build.0 = Debug|Any CPU
		{1C9C623A-8F0A-4E30-B872-A3E10B42AB67}.Release|Any CPU.ActiveCfg = Release|Any CPU
		{1C9C623A-8F0A-4E30-B872-A3E10B42AB67}.Release|Any CPU.Build.0 = Release|Any CPU
	EndGlobalSection
	GlobalSection(SolutionProperties) = preSolution
		HideSolutionNode = FALSE
	EndGlobalSection
	GlobalSection(ExtensibilityGlobals) = postSolution
		SolutionGuid = {7DCA0619-036C-469A-9190-D6DC0AA3CA2D}
	EndGlobalSection
EndGlobal
