
Microsoft Visual Studio Solution File, Format Version 12.00
# Visual Studio Version 16
VisualStudioVersion = 16.0.30517.126
MinimumVisualStudioVersion = 10.0.40219.1
Project("{FAE04EC0-301F-11D3-BF4B-00C04F79EFBC}") = "2.5.4Exercise", "2.5.4Exercise\2.5.4Exercise.csproj", "{F1A9338E-2A2B-4219-9BED-0C8900F6DACD}"
EndProject
Global
	GlobalSection(SolutionConfigurationPlatforms) = preSolution
		Debug|Any CPU = Debug|Any CPU
		Release|Any CPU = Release|Any CPU
	EndGlobalSection
	GlobalSection(ProjectConfigurationPlatforms) = postSolution
		{F1A9338E-2A2B-4219-9BED-0C8900F6DACD}.Debug|Any CPU.ActiveCfg = Debug|Any CPU
		{F1A9338E-2A2B-4219-9BED-0C8900F6DACD}.Debug|Any CPU.Build.0 = Debug|Any CPU
		{F1A9338E-2A2B-4219-9BED-0C8900F6DACD}.Release|Any CPU.ActiveCfg = Release|Any CPU
		{F1A9338E-2A2B-4219-9BED-0C8900F6DACD}.Release|Any CPU.Build.0 = Release|Any CPU
	EndGlobalSection
	GlobalSection(SolutionProperties) = preSolution
		HideSolutionNode = FALSE
	EndGlobalSection
	GlobalSection(ExtensibilityGlobals) = postSolution
		SolutionGuid = {9FBF231C-6613-42FA-91FB-60B0A5313830}
	EndGlobalSection
EndGlobal
